// !$*UTF8*$!
{
	archiveVersion = 1;
	classes = {
	};
	objectVersion = 46;
	objects = {

/* Begin PBXBuildFile section */
		9704E1561C21FC4800A48C5F /* AppDelegate.swift in Sources */ = {isa = PBXBuildFile; fileRef = 9704E1551C21FC4800A48C5F /* AppDelegate.swift */; };
		9704E1581C21FC4800A48C5F /* ViewController.swift in Sources */ = {isa = PBXBuildFile; fileRef = 9704E1571C21FC4800A48C5F /* ViewController.swift */; };
		9704E15B1C21FC4800A48C5F /* Main.storyboard in Resources */ = {isa = PBXBuildFile; fileRef = 9704E1591C21FC4800A48C5F /* Main.storyboard */; };
		9704E15E1C21FC4800A48C5F /* CopyCatSwift.xcdatamodeld in Sources */ = {isa = PBXBuildFile; fileRef = 9704E15C1C21FC4800A48C5F /* CopyCatSwift.xcdatamodeld */; };
		9704E1601C21FC4800A48C5F /* Assets.xcassets in Resources */ = {isa = PBXBuildFile; fileRef = 9704E15F1C21FC4800A48C5F /* Assets.xcassets */; };
		9704E1631C21FC4800A48C5F /* LaunchScreen.storyboard in Resources */ = {isa = PBXBuildFile; fileRef = 9704E1611C21FC4800A48C5F /* LaunchScreen.storyboard */; };
		9704E16E1C21FC4800A48C5F /* CopyCatSwiftTests.swift in Sources */ = {isa = PBXBuildFile; fileRef = 9704E16D1C21FC4800A48C5F /* CopyCatSwiftTests.swift */; };
		9704E1791C21FC4800A48C5F /* CopyCatSwiftUITests.swift in Sources */ = {isa = PBXBuildFile; fileRef = 9704E1781C21FC4800A48C5F /* CopyCatSwiftUITests.swift */; };
/* End PBXBuildFile section */

/* Begin PBXContainerItemProxy section */
		9704E16A1C21FC4800A48C5F /* PBXContainerItemProxy */ = {
			isa = PBXContainerItemProxy;
			containerPortal = 9704E14A1C21FC4800A48C5F /* Project object */;
			proxyType = 1;
			remoteGlobalIDString = 9704E1511C21FC4800A48C5F;
			remoteInfo = CopyCatSwift;
		};
		9704E1751C21FC4800A48C5F /* PBXContainerItemProxy */ = {
			isa = PBXContainerItemProxy;
			containerPortal = 9704E14A1C21FC4800A48C5F /* Project object */;
			proxyType = 1;
			remoteGlobalIDString = 9704E1511C21FC4800A48C5F;
			remoteInfo = CopyCatSwift;
		};
/* End PBXContainerItemProxy section */

/* Begin PBXFileReference section */
		9704E1521C21FC4800A48C5F /* CopyCatSwift.app */ = {isa = PBXFileReference; explicitFileType = wrapper.application; includeInIndex = 0; path = CopyCatSwift.app; sourceTree = BUILT_PRODUCTS_DIR; };
		9704E1551C21FC4800A48C5F /* AppDelegate.swift */ = {isa = PBXFileReference; lastKnownFileType = sourcecode.swift; path = AppDelegate.swift; sourceTree = "<group>"; };
		9704E1571C21FC4800A48C5F /* ViewController.swift */ = {isa = PBXFileReference; lastKnownFileType = sourcecode.swift; path = ViewController.swift; sourceTree = "<group>"; };
		9704E15A1C21FC4800A48C5F /* Base */ = {isa = PBXFileReference; lastKnownFileType = file.storyboard; name = Base; path = Base.lproj/Main.storyboard; sourceTree = "<group>"; };
		9704E15D1C21FC4800A48C5F /* CopyCatSwift.xcdatamodel */ = {isa = PBXFileReference; lastKnownFileType = wrapper.xcdatamodel; path = CopyCatSwift.xcdatamodel; sourceTree = "<group>"; };
		9704E15F1C21FC4800A48C5F /* Assets.xcassets */ = {isa = PBXFileReference; lastKnownFileType = folder.assetcatalog; path = Assets.xcassets; sourceTree = "<group>"; };
		9704E1621C21FC4800A48C5F /* Base */ = {isa = PBXFileReference; lastKnownFileType = file.storyboard; name = Base; path = Base.lproj/LaunchScreen.storyboard; sourceTree = "<group>"; };
		9704E1641C21FC4800A48C5F /* Info.plist */ = {isa = PBXFileReference; lastKnownFileType = text.plist.xml; path = Info.plist; sourceTree = "<group>"; };
		9704E1691C21FC4800A48C5F /* CopyCatSwiftTests.xctest */ = {isa = PBXFileReference; explicitFileType = wrapper.cfbundle; includeInIndex = 0; path = CopyCatSwiftTests.xctest; sourceTree = BUILT_PRODUCTS_DIR; };
		9704E16D1C21FC4800A48C5F /* CopyCatSwiftTests.swift */ = {isa = PBXFileReference; lastKnownFileType = sourcecode.swift; path = CopyCatSwiftTests.swift; sourceTree = "<group>"; };
		9704E16F1C21FC4800A48C5F /* Info.plist */ = {isa = PBXFileReference; lastKnownFileType = text.plist.xml; path = Info.plist; sourceTree = "<group>"; };
		9704E1741C21FC4800A48C5F /* CopyCatSwiftUITests.xctest */ = {isa = PBXFileReference; explicitFileType = wrapper.cfbundle; includeInIndex = 0; path = CopyCatSwiftUITests.xctest; sourceTree = BUILT_PRODUCTS_DIR; };
		9704E1781C21FC4800A48C5F /* CopyCatSwiftUITests.swift */ = {isa = PBXFileReference; lastKnownFileType = sourcecode.swift; path = CopyCatSwiftUITests.swift; sourceTree = "<group>"; };
		9704E17A1C21FC4800A48C5F /* Info.plist */ = {isa = PBXFileReference; lastKnownFileType = text.plist.xml; path = Info.plist; sourceTree = "<group>"; };
/* End PBXFileReference section */

/* Begin PBXFrameworksBuildPhase section */
		9704E14F1C21FC4800A48C5F /* Frameworks */ = {
			isa = PBXFrameworksBuildPhase;
			buildActionMask = 2147483647;
			files = (
			);
			runOnlyForDeploymentPostprocessing = 0;
		};
		9704E1661C21FC4800A48C5F /* Frameworks */ = {
			isa = PBXFrameworksBuildPhase;
			buildActionMask = 2147483647;
			files = (
			);
			runOnlyForDeploymentPostprocessing = 0;
		};
		9704E1711C21FC4800A48C5F /* Frameworks */ = {
			isa = PBXFrameworksBuildPhase;
			buildActionMask = 2147483647;
			files = (
			);
			runOnlyForDeploymentPostprocessing = 0;
		};
/* End PBXFrameworksBuildPhase section */

/* Begin PBXGroup section */
		9704E1491C21FC4800A48C5F = {
			isa = PBXGroup;
			children = (
				9704E1541C21FC4800A48C5F /* CopyCatSwift */,
				9704E16C1C21FC4800A48C5F /* CopyCatSwiftTests */,
				9704E1771C21FC4800A48C5F /* CopyCatSwiftUITests */,
				9704E1531C21FC4800A48C5F /* Products */,
			);
			sourceTree = "<group>";
		};
		9704E1531C21FC4800A48C5F /* Products */ = {
			isa = PBXGroup;
			children = (
				9704E1521C21FC4800A48C5F /* CopyCatSwift.app */,
				9704E1691C21FC4800A48C5F /* CopyCatSwiftTests.xctest */,
				9704E1741C21FC4800A48C5F /* CopyCatSwiftUITests.xctest */,
			);
			name = Products;
			sourceTree = "<group>";
		};
		9704E1541C21FC4800A48C5F /* CopyCatSwift */ = {
			isa = PBXGroup;
			children = (
				9704E1551C21FC4800A48C5F /* AppDelegate.swift */,
				9704E1571C21FC4800A48C5F /* ViewController.swift */,
				9704E1591C21FC4800A48C5F /* Main.storyboard */,
				9704E15F1C21FC4800A48C5F /* Assets.xcassets */,
				9704E1611C21FC4800A48C5F /* LaunchScreen.storyboard */,
				9704E1641C21FC4800A48C5F /* Info.plist */,
				9704E15C1C21FC4800A48C5F /* CopyCatSwift.xcdatamodeld */,
			);
			path = CopyCatSwift;
			sourceTree = "<group>";
		};
		9704E16C1C21FC4800A48C5F /* CopyCatSwiftTests */ = {
			isa = PBXGroup;
			children = (
				9704E16D1C21FC4800A48C5F /* CopyCatSwiftTests.swift */,
				9704E16F1C21FC4800A48C5F /* Info.plist */,
			);
			path = CopyCatSwiftTests;
			sourceTree = "<group>";
		};
		9704E1771C21FC4800A48C5F /* CopyCatSwiftUITests */ = {
			isa = PBXGroup;
			children = (
				9704E1781C21FC4800A48C5F /* CopyCatSwiftUITests.swift */,
				9704E17A1C21FC4800A48C5F /* Info.plist */,
			);
			path = CopyCatSwiftUITests;
			sourceTree = "<group>";
		};
/* End PBXGroup section */

/* Begin PBXNativeTarget section */
		9704E1511C21FC4800A48C5F /* CopyCatSwift */ = {
			isa = PBXNativeTarget;
			buildConfigurationList = 9704E17D1C21FC4800A48C5F /* Build configuration list for PBXNativeTarget "CopyCatSwift" */;
			buildPhases = (
				9704E14E1C21FC4800A48C5F /* Sources */,
				9704E14F1C21FC4800A48C5F /* Frameworks */,
				9704E1501C21FC4800A48C5F /* Resources */,
			);
			buildRules = (
			);
			dependencies = (
			);
			name = CopyCatSwift;
			productName = CopyCatSwift;
			productReference = 9704E1521C21FC4800A48C5F /* CopyCatSwift.app */;
			productType = "com.apple.product-type.application";
		};
		9704E1681C21FC4800A48C5F /* CopyCatSwiftTests */ = {
			isa = PBXNativeTarget;
			buildConfigurationList = 9704E1801C21FC4800A48C5F /* Build configuration list for PBXNativeTarget "CopyCatSwiftTests" */;
			buildPhases = (
				9704E1651C21FC4800A48C5F /* Sources */,
				9704E1661C21FC4800A48C5F /* Frameworks */,
				9704E1671C21FC4800A48C5F /* Resources */,
			);
			buildRules = (
			);
			dependencies = (
				9704E16B1C21FC4800A48C5F /* PBXTargetDependency */,
			);
			name = CopyCatSwiftTests;
			productName = CopyCatSwiftTests;
			productReference = 9704E1691C21FC4800A48C5F /* CopyCatSwiftTests.xctest */;
			productType = "com.apple.product-type.bundle.unit-test";
		};
		9704E1731C21FC4800A48C5F /* CopyCatSwiftUITests */ = {
			isa = PBXNativeTarget;
			buildConfigurationList = 9704E1831C21FC4800A48C5F /* Build configuration list for PBXNativeTarget "CopyCatSwiftUITests" */;
			buildPhases = (
				9704E1701C21FC4800A48C5F /* Sources */,
				9704E1711C21FC4800A48C5F /* Frameworks */,
				9704E1721C21FC4800A48C5F /* Resources */,
			);
			buildRules = (
			);
			dependencies = (
				9704E1761C21FC4800A48C5F /* PBXTargetDependency */,
			);
			name = CopyCatSwiftUITests;
			productName = CopyCatSwiftUITests;
			productReference = 9704E1741C21FC4800A48C5F /* CopyCatSwiftUITests.xctest */;
			productType = "com.apple.product-type.bundle.ui-testing";
		};
/* End PBXNativeTarget section */

/* Begin PBXProject section */
		9704E14A1C21FC4800A48C5F /* Project object */ = {
			isa = PBXProject;
			attributes = {
				LastSwiftUpdateCheck = 0720;
				LastUpgradeCheck = 0720;
				ORGANIZATIONNAME = "Baiqi Zhang";
				TargetAttributes = {
					9704E1511C21FC4800A48C5F = {
						CreatedOnToolsVersion = 7.2;
					};
					9704E1681C21FC4800A48C5F = {
						CreatedOnToolsVersion = 7.2;
						TestTargetID = 9704E1511C21FC4800A48C5F;
					};
					9704E1731C21FC4800A48C5F = {
						CreatedOnToolsVersion = 7.2;
						TestTargetID = 9704E1511C21FC4800A48C5F;
					};
				};
			};
			buildConfigurationList = 9704E14D1C21FC4800A48C5F /* Build configuration list for PBXProject "CopyCatSwift" */;
			compatibilityVersion = "Xcode 3.2";
			developmentRegion = English;
			hasScannedForEncodings = 0;
			knownRegions = (
				en,
				Base,
			);
			mainGroup = 9704E1491C21FC4800A48C5F;
			productRefGroup = 9704E1531C21FC4800A48C5F /* Products */;
			projectDirPath = "";
			projectRoot = "";
			targets = (
				9704E1511C21FC4800A48C5F /* CopyCatSwift */,
				9704E1681C21FC4800A48C5F /* CopyCatSwiftTests */,
				9704E1731C21FC4800A48C5F /* CopyCatSwiftUITests */,
			);
		};
/* End PBXProject section */

/* Begin PBXResourcesBuildPhase section */
		9704E1501C21FC4800A48C5F /* Resources */ = {
			isa = PBXResourcesBuildPhase;
			buildActionMask = 2147483647;
			files = (
				9704E1631C21FC4800A48C5F /* LaunchScreen.storyboard in Resources */,
				9704E1601C21FC4800A48C5F /* Assets.xcassets in Resources */,
				9704E15B1C21FC4800A48C5F /* Main.storyboard in Resources */,
			);
			runOnlyForDeploymentPostprocessing = 0;
		};
		9704E1671C21FC4800A48C5F /* Resources */ = {
			isa = PBXResourcesBuildPhase;
			buildActionMask = 2147483647;
			files = (
			);
			runOnlyForDeploymentPostprocessing = 0;
		};
		9704E1721C21FC4800A48C5F /* Resources */ = {
			isa = PBXResourcesBuildPhase;
			buildActionMask = 2147483647;
			files = (
			);
			runOnlyForDeploymentPostprocessing = 0;
		};
/* End PBXResourcesBuildPhase section */

/* Begin PBXSourcesBuildPhase section */
		9704E14E1C21FC4800A48C5F /* Sources */ = {
			isa = PBXSourcesBuildPhase;
			buildActionMask = 2147483647;
			files = (
				9704E15E1C21FC4800A48C5F /* CopyCatSwift.xcdatamodeld in Sources */,
				9704E1581C21FC4800A48C5F /* ViewController.swift in Sources */,
				9704E1561C21FC4800A48C5F /* AppDelegate.swift in Sources */,
			);
			runOnlyForDeploymentPostprocessing = 0;
		};
		9704E1651C21FC4800A48C5F /* Sources */ = {
			isa = PBXSourcesBuildPhase;
			buildActionMask = 2147483647;
			files = (
				9704E16E1C21FC4800A48C5F /* CopyCatSwiftTests.swift in Sources */,
			);
			runOnlyForDeploymentPostprocessing = 0;
		};
		9704E1701C21FC4800A48C5F /* Sources */ = {
			isa = PBXSourcesBuildPhase;
			buildActionMask = 2147483647;
			files = (
				9704E1791C21FC4800A48C5F /* CopyCatSwiftUITests.swift in Sources */,
			);
			runOnlyForDeploymentPostprocessing = 0;
		};
/* End PBXSourcesBuildPhase section */

/* Begin PBXTargetDependency section */
		9704E16B1C21FC4800A48C5F /* PBXTargetDependency */ = {
			isa = PBXTargetDependency;
			target = 9704E1511C21FC4800A48C5F /* CopyCatSwift */;
			targetProxy = 9704E16A1C21FC4800A48C5F /* PBXContainerItemProxy */;
		};
		9704E1761C21FC4800A48C5F /* PBXTargetDependency */ = {
			isa = PBXTargetDependency;
			target = 9704E1511C21FC4800A48C5F /* CopyCatSwift */;
			targetProxy = 9704E1751C21FC4800A48C5F /* PBXContainerItemProxy */;
		};
/* End PBXTargetDependency section */

/* Begin PBXVariantGroup section */
		9704E1591C21FC4800A48C5F /* Main.storyboard */ = {
			isa = PBXVariantGroup;
			children = (
				9704E15A1C21FC4800A48C5F /* Base */,
			);
			name = Main.storyboard;
			sourceTree = "<group>";
		};
		9704E1611C21FC4800A48C5F /* LaunchScreen.storyboard */ = {
			isa = PBXVariantGroup;
			children = (
				9704E1621C21FC4800A48C5F /* Base */,
			);
			name = LaunchScreen.storyboard;
			sourceTree = "<group>";
		};
/* End PBXVariantGroup section */

/* Begin XCBuildConfiguration section */
		9704E17B1C21FC4800A48C5F /* Debug */ = {
			isa = XCBuildConfiguration;
			buildSettings = {
				ALWAYS_SEARCH_USER_PATHS = NO;
				CLANG_CXX_LANGUAGE_STANDARD = "gnu++0x";
				CLANG_CXX_LIBRARY = "libc++";
				CLANG_ENABLE_MODULES = YES;
				CLANG_ENABLE_OBJC_ARC = YES;
				CLANG_WARN_BOOL_CONVERSION = YES;
				CLANG_WARN_CONSTANT_CONVERSION = YES;
				CLANG_WARN_DIRECT_OBJC_ISA_USAGE = YES_ERROR;
				CLANG_WARN_EMPTY_BODY = YES;
				CLANG_WARN_ENUM_CONVERSION = YES;
				CLANG_WARN_INT_CONVERSION = YES;
				CLANG_WARN_OBJC_ROOT_CLASS = YES_ERROR;
				CLANG_WARN_UNREACHABLE_CODE = YES;
				CLANG_WARN__DUPLICATE_METHOD_MATCH = YES;
				"CODE_SIGN_IDENTITY[sdk=iphoneos*]" = "iPhone Developer";
				COPY_PHASE_STRIP = NO;
				DEBUG_INFORMATION_FORMAT = dwarf;
				ENABLE_STRICT_OBJC_MSGSEND = YES;
				ENABLE_TESTABILITY = YES;
				GCC_C_LANGUAGE_STANDARD = gnu99;
				GCC_DYNAMIC_NO_PIC = NO;
				GCC_NO_COMMON_BLOCKS = YES;
				GCC_OPTIMIZATION_LEVEL = 0;
				GCC_PREPROCESSOR_DEFINITIONS = (
					"DEBUG=1",
					"$(inherited)",
				);
				GCC_WARN_64_TO_32_BIT_CONVERSION = YES;
				GCC_WARN_ABOUT_RETURN_TYPE = YES_ERROR;
				GCC_WARN_UNDECLARED_SELECTOR = YES;
				GCC_WARN_UNINITIALIZED_AUTOS = YES_AGGRESSIVE;
				GCC_WARN_UNUSED_FUNCTION = YES;
				GCC_WARN_UNUSED_VARIABLE = YES;
				IPHONEOS_DEPLOYMENT_TARGET = 9.2;
				MTL_ENABLE_DEBUG_INFO = YES;
				ONLY_ACTIVE_ARCH = YES;
				SDKROOT = iphoneos;
				SWIFT_OPTIMIZATION_LEVEL = "-Onone";
				TARGETED_DEVICE_FAMILY = "1,2";
			};
			name = Debug;
		};
		9704E17C1C21FC4800A48C5F /* Release */ = {
			isa = XCBuildConfiguration;
			buildSettings = {
				ALWAYS_SEARCH_USER_PATHS = NO;
				CLANG_CXX_LANGUAGE_STANDARD = "gnu++0x";
				CLANG_CXX_LIBRARY = "libc++";
				CLANG_ENABLE_MODULES = YES;
				CLANG_ENABLE_OBJC_ARC = YES;
				CLANG_WARN_BOOL_CONVERSION = YES;
				CLANG_WARN_CONSTANT_CONVERSION = YES;
				CLANG_WARN_DIRECT_OBJC_ISA_USAGE = YES_ERROR;
				CLANG_WARN_EMPTY_BODY = YES;
				CLANG_WARN_ENUM_CONVERSION = YES;
				CLANG_WARN_INT_CONVERSION = YES;
				CLANG_WARN_OBJC_ROOT_CLASS = YES_ERROR;
				CLANG_WARN_UNREACHABLE_CODE = YES;
				CLANG_WARN__DUPLICATE_METHOD_MATCH = YES;
				"CODE_SIGN_IDENTITY[sdk=iphoneos*]" = "iPhone Developer";
				COPY_PHASE_STRIP = NO;
				DEBUG_INFORMATION_FORMAT = "dwarf-with-dsym";
				ENABLE_NS_ASSERTIONS = NO;
				ENABLE_STRICT_OBJC_MSGSEND = YES;
				GCC_C_LANGUAGE_STANDARD = gnu99;
				GCC_NO_COMMON_BLOCKS = YES;
				GCC_WARN_64_TO_32_BIT_CONVERSION = YES;
				GCC_WARN_ABOUT_RETURN_TYPE = YES_ERROR;
				GCC_WARN_UNDECLARED_SELECTOR = YES;
				GCC_WARN_UNINITIALIZED_AUTOS = YES_AGGRESSIVE;
				GCC_WARN_UNUSED_FUNCTION = YES;
				GCC_WARN_UNUSED_VARIABLE = YES;
				IPHONEOS_DEPLOYMENT_TARGET = 9.2;
				MTL_ENABLE_DEBUG_INFO = NO;
				SDKROOT = iphoneos;
				TARGETED_DEVICE_FAMILY = "1,2";
				VALIDATE_PRODUCT = YES;
			};
			name = Release;
		};
		9704E17E1C21FC4800A48C5F /* Debug */ = {
			isa = XCBuildConfiguration;
			buildSettings = {
				ASSETCATALOG_COMPILER_APPICON_NAME = AppIcon;
				INFOPLIST_FILE = CopyCatSwift/Info.plist;
				LD_RUNPATH_SEARCH_PATHS = "$(inherited) @executable_path/Frameworks";
				PRODUCT_BUNDLE_IDENTIFIER = baiqizhang.CopyCatSwift;
				PRODUCT_NAME = "$(TARGET_NAME)";
			};
			name = Debug;
		};
		9704E17F1C21FC4800A48C5F /* Release */ = {
			isa = XCBuildConfiguration;
			buildSettings = {
				ASSETCATALOG_COMPILER_APPICON_NAME = AppIcon;
				INFOPLIST_FILE = CopyCatSwift/Info.plist;
				LD_RUNPATH_SEARCH_PATHS = "$(inherited) @executable_path/Frameworks";
				PRODUCT_BUNDLE_IDENTIFIER = baiqizhang.CopyCatSwift;
				PRODUCT_NAME = "$(TARGET_NAME)";
			};
			name = Release;
		};
		9704E1811C21FC4800A48C5F /* Debug */ = {
			isa = XCBuildConfiguration;
			buildSettings = {
				BUNDLE_LOADER = "$(TEST_HOST)";
				INFOPLIST_FILE = CopyCatSwiftTests/Info.plist;
				LD_RUNPATH_SEARCH_PATHS = "$(inherited) @executable_path/Frameworks @loader_path/Frameworks";
				PRODUCT_BUNDLE_IDENTIFIER = baiqizhang.CopyCatSwiftTests;
				PRODUCT_NAME = "$(TARGET_NAME)";
				TEST_HOST = "$(BUILT_PRODUCTS_DIR)/CopyCatSwift.app/CopyCatSwift";
			};
			name = Debug;
		};
		9704E1821C21FC4800A48C5F /* Release */ = {
			isa = XCBuildConfiguration;
			buildSettings = {
				BUNDLE_LOADER = "$(TEST_HOST)";
				INFOPLIST_FILE = CopyCatSwiftTests/Info.plist;
				LD_RUNPATH_SEARCH_PATHS = "$(inherited) @executable_path/Frameworks @loader_path/Frameworks";
				PRODUCT_BUNDLE_IDENTIFIER = baiqizhang.CopyCatSwiftTests;
				PRODUCT_NAME = "$(TARGET_NAME)";
				TEST_HOST = "$(BUILT_PRODUCTS_DIR)/CopyCatSwift.app/CopyCatSwift";
			};
			name = Release;
		};
		9704E1841C21FC4800A48C5F /* Debug */ = {
			isa = XCBuildConfiguration;
			buildSettings = {
				INFOPLIST_FILE = CopyCatSwiftUITests/Info.plist;
				LD_RUNPATH_SEARCH_PATHS = "$(inherited) @executable_path/Frameworks @loader_path/Frameworks";
				PRODUCT_BUNDLE_IDENTIFIER = baiqizhang.CopyCatSwiftUITests;
				PRODUCT_NAME = "$(TARGET_NAME)";
				TEST_TARGET_NAME = CopyCatSwift;
				USES_XCTRUNNER = YES;
			};
			name = Debug;
		};
		9704E1851C21FC4800A48C5F /* Release */ = {
			isa = XCBuildConfiguration;
			buildSettings = {
				INFOPLIST_FILE = CopyCatSwiftUITests/Info.plist;
				LD_RUNPATH_SEARCH_PATHS = "$(inherited) @executable_path/Frameworks @loader_path/Frameworks";
				PRODUCT_BUNDLE_IDENTIFIER = baiqizhang.CopyCatSwiftUITests;
				PRODUCT_NAME = "$(TARGET_NAME)";
				TEST_TARGET_NAME = CopyCatSwift;
				USES_XCTRUNNER = YES;
			};
			name = Release;
		};
/* End XCBuildConfiguration section */

/* Begin XCConfigurationList section */
		9704E14D1C21FC4800A48C5F /* Build configuration list for PBXProject "CopyCatSwift" */ = {
			isa = XCConfigurationList;
			buildConfigurations = (
				9704E17B1C21FC4800A48C5F /* Debug */,
				9704E17C1C21FC4800A48C5F /* Release */,
			);
			defaultConfigurationIsVisible = 0;
			defaultConfigurationName = Release;
		};
		9704E17D1C21FC4800A48C5F /* Build configuration list for PBXNativeTarget "CopyCatSwift" */ = {
			isa = XCConfigurationList;
			buildConfigurations = (
				9704E17E1C21FC4800A48C5F /* Debug */,
				9704E17F1C21FC4800A48C5F /* Release */,
			);
			defaultConfigurationIsVisible = 0;
		};
		9704E1801C21FC4800A48C5F /* Build configuration list for PBXNativeTarget "CopyCatSwiftTests" */ = {
			isa = XCConfigurationList;
			buildConfigurations = (
				9704E1811C21FC4800A48C5F /* Debug */,
				9704E1821C21FC4800A48C5F /* Release */,
			);
			defaultConfigurationIsVisible = 0;
		};
		9704E1831C21FC4800A48C5F /* Build configuration list for PBXNativeTarget "CopyCatSwiftUITests" */ = {
			isa = XCConfigurationList;
			buildConfigurations = (
				9704E1841C21FC4800A48C5F /* Debug */,
				9704E1851C21FC4800A48C5F /* Release */,
			);
			defaultConfigurationIsVisible = 0;
		};
/* End XCConfigurationList section */

/* Begin XCVersionGroup section */
		9704E15C1C21FC4800A48C5F /* CopyCatSwift.xcdatamodeld */ = {
			isa = XCVersionGroup;
			children = (
				9704E15D1C21FC4800A48C5F /* CopyCatSwift.xcdatamodel */,
			);
			currentVersion = 9704E15D1C21FC4800A48C5F /* CopyCatSwift.xcdatamodel */;
			path = CopyCatSwift.xcdatamodeld;
			sourceTree = "<group>";
			versionGroupType = wrapper.xcdatamodel;
		};
/* End XCVersionGroup section */
	};
	rootObject = 9704E14A1C21FC4800A48C5F /* Project object */;
}
